
Microsoft Visual Studio Solution File, Format Version 12.00
# Visual Studio 15
VisualStudioVersion = 15.0.27004.2006
MinimumVisualStudioVersion = 10.0.40219.1
Project("{9A19103F-16F7-4668-BE54-9A1E7A4F7556}") = "HornetWings", "HornetWings\HornetWings.csproj", "{D715E264-55CB-4B9F-BEE1-18AF12239A4C}"
EndProject
Project("{9A19103F-16F7-4668-BE54-9A1E7A4F7556}") = "HornetComm", "HornetComm\HornetComm.csproj", "{0FDD597A-7748-4A1E-AC87-E46BBC5A0C41}"
EndProject
Project("{9A19103F-16F7-4668-BE54-9A1E7A4F7556}") = "HornetArmada", "HornetArmada\HornetArmada.csproj", "{5ADB7454-A368-46EA-A1D6-16DCBA76D322}"
EndProject
Project("{FAE04EC0-301F-11D3-BF4B-00C04F79EFBC}") = "HorrnetAssault", "HorrnetAssault\HorrnetAssault.csproj", "{DC297D43-25B9-4B47-820C-725E310DA8D8}"
EndProject
Global
	GlobalSection(SolutionConfigurationPlatforms) = preSolution
		Debug|Any CPU = Debug|Any CPU
		Release|Any CPU = Release|Any CPU
	EndGlobalSection
	GlobalSection(ProjectConfigurationPlatforms) = postSolution
		{D715E264-55CB-4B9F-BEE1-18AF12239A4C}.Debug|Any CPU.ActiveCfg = Debug|Any CPU
		{D715E264-55CB-4B9F-BEE1-18AF12239A4C}.Debug|Any CPU.Build.0 = Debug|Any CPU
		{D715E264-55CB-4B9F-BEE1-18AF12239A4C}.Release|Any CPU.ActiveCfg = Release|Any CPU
		{D715E264-55CB-4B9F-BEE1-18AF12239A4C}.Release|Any CPU.Build.0 = Release|Any CPU
		{0FDD597A-7748-4A1E-AC87-E46BBC5A0C41}.Debug|Any CPU.ActiveCfg = Debug|Any CPU
		{0FDD597A-7748-4A1E-AC87-E46BBC5A0C41}.Debug|Any CPU.Build.0 = Debug|Any CPU
		{0FDD597A-7748-4A1E-AC87-E46BBC5A0C41}.Release|Any CPU.ActiveCfg = Release|Any CPU
		{0FDD597A-7748-4A1E-AC87-E46BBC5A0C41}.Release|Any CPU.Build.0 = Release|Any CPU
		{5ADB7454-A368-46EA-A1D6-16DCBA76D322}.Debug|Any CPU.ActiveCfg = Debug|Any CPU
		{5ADB7454-A368-46EA-A1D6-16DCBA76D322}.Debug|Any CPU.Build.0 = Debug|Any CPU
		{5ADB7454-A368-46EA-A1D6-16DCBA76D322}.Release|Any CPU.ActiveCfg = Release|Any CPU
		{5ADB7454-A368-46EA-A1D6-16DCBA76D322}.Release|Any CPU.Build.0 = Release|Any CPU
		{DC297D43-25B9-4B47-820C-725E310DA8D8}.Debug|Any CPU.ActiveCfg = Debug|Any CPU
		{DC297D43-25B9-4B47-820C-725E310DA8D8}.Debug|Any CPU.Build.0 = Debug|Any CPU
		{DC297D43-25B9-4B47-820C-725E310DA8D8}.Release|Any CPU.ActiveCfg = Release|Any CPU
		{DC297D43-25B9-4B47-820C-725E310DA8D8}.Release|Any CPU.Build.0 = Release|Any CPU
	EndGlobalSection
	GlobalSection(SolutionProperties) = preSolution
		HideSolutionNode = FALSE
	EndGlobalSection
	GlobalSection(ExtensibilityGlobals) = postSolution
		SolutionGuid = {E53A7BA5-035F-4D5E-9EE5-6BB1ECC1BFA8}
	EndGlobalSection
EndGlobal
