
Microsoft Visual Studio Solution File, Format Version 12.00
# Visual Studio 15
VisualStudioVersion = 15.0.27004.2006
MinimumVisualStudioVersion = 10.0.40219.1
Project("{9A19103F-16F7-4668-BE54-9A1E7A4F7556}") = "NetherRealms", "NetherRealms\NetherRealms.csproj", "{72EC8857-DA16-4133-9537-1B6063D9264A}"
EndProject
Project("{9A19103F-16F7-4668-BE54-9A1E7A4F7556}") = "RoliTheCoder", "RoliTheCoder\RoliTheCoder.csproj", "{D5F79AA7-C3A9-47FE-97D9-71DB75C7E471}"
EndProject
Project("{FAE04EC0-301F-11D3-BF4B-00C04F79EFBC}") = "Charity", "Charity\Charity.csproj", "{42309650-24E5-48C5-8DFF-E74C090257B3}"
EndProject
Project("{FAE04EC0-301F-11D3-BF4B-00C04F79EFBC}") = "Ladybugs", "Ladybugs\Ladybugs.csproj", "{2F7739FE-93F2-43BC-A6CB-D88DC8A96F51}"
EndProject
Global
	GlobalSection(SolutionConfigurationPlatforms) = preSolution
		Debug|Any CPU = Debug|Any CPU
		Release|Any CPU = Release|Any CPU
	EndGlobalSection
	GlobalSection(ProjectConfigurationPlatforms) = postSolution
		{72EC8857-DA16-4133-9537-1B6063D9264A}.Debug|Any CPU.ActiveCfg = Debug|Any CPU
		{72EC8857-DA16-4133-9537-1B6063D9264A}.Debug|Any CPU.Build.0 = Debug|Any CPU
		{72EC8857-DA16-4133-9537-1B6063D9264A}.Release|Any CPU.ActiveCfg = Release|Any CPU
		{72EC8857-DA16-4133-9537-1B6063D9264A}.Release|Any CPU.Build.0 = Release|Any CPU
		{D5F79AA7-C3A9-47FE-97D9-71DB75C7E471}.Debug|Any CPU.ActiveCfg = Debug|Any CPU
		{D5F79AA7-C3A9-47FE-97D9-71DB75C7E471}.Debug|Any CPU.Build.0 = Debug|Any CPU
		{D5F79AA7-C3A9-47FE-97D9-71DB75C7E471}.Release|Any CPU.ActiveCfg = Release|Any CPU
		{D5F79AA7-C3A9-47FE-97D9-71DB75C7E471}.Release|Any CPU.Build.0 = Release|Any CPU
		{42309650-24E5-48C5-8DFF-E74C090257B3}.Debug|Any CPU.ActiveCfg = Debug|Any CPU
		{42309650-24E5-48C5-8DFF-E74C090257B3}.Debug|Any CPU.Build.0 = Debug|Any CPU
		{42309650-24E5-48C5-8DFF-E74C090257B3}.Release|Any CPU.ActiveCfg = Release|Any CPU
		{42309650-24E5-48C5-8DFF-E74C090257B3}.Release|Any CPU.Build.0 = Release|Any CPU
		{2F7739FE-93F2-43BC-A6CB-D88DC8A96F51}.Debug|Any CPU.ActiveCfg = Debug|Any CPU
		{2F7739FE-93F2-43BC-A6CB-D88DC8A96F51}.Debug|Any CPU.Build.0 = Debug|Any CPU
		{2F7739FE-93F2-43BC-A6CB-D88DC8A96F51}.Release|Any CPU.ActiveCfg = Release|Any CPU
		{2F7739FE-93F2-43BC-A6CB-D88DC8A96F51}.Release|Any CPU.Build.0 = Release|Any CPU
	EndGlobalSection
	GlobalSection(SolutionProperties) = preSolution
		HideSolutionNode = FALSE
	EndGlobalSection
	GlobalSection(ExtensibilityGlobals) = postSolution
		SolutionGuid = {81D3A7DC-D684-4236-A35E-52ACFF58D211}
	EndGlobalSection
EndGlobal
