
Microsoft Visual Studio Solution File, Format Version 12.00
# Visual Studio 15
VisualStudioVersion = 15.0.27004.2006
MinimumVisualStudioVersion = 10.0.40219.1
Project("{FAE04EC0-301F-11D3-BF4B-00C04F79EFBC}") = "DebitCardNumber", "DebitCardNumber\DebitCardNumber.csproj", "{D0D8ADD5-66EA-4975-9E9C-223C795AFCCB}"
EndProject
Project("{FAE04EC0-301F-11D3-BF4B-00C04F79EFBC}") = "RectangleArea", "RectangleArea\RectangleArea.csproj", "{98C5333B-19DB-4EE9-8DD1-90BBC0FC237D}"
EndProject
Project("{FAE04EC0-301F-11D3-BF4B-00C04F79EFBC}") = "MilesToKilometre", "MilesToKilometre\MilesToKilometre.csproj", "{3417F3DA-DE83-4EDC-BB12-70E47C8FBDF5}"
EndProject
Project("{FAE04EC0-301F-11D3-BF4B-00C04F79EFBC}") = "Foood", "Foood\Foood.csproj", "{0AF48EF5-C2D4-4C77-AA2A-60A2BAD3081B}"
EndProject
Project("{FAE04EC0-301F-11D3-BF4B-00C04F79EFBC}") = "CharacterStats", "CharacterStats\CharacterStats.csproj", "{0424CB26-1DEE-4FD4-950B-C877EA872E59}"
EndProject
Global
	GlobalSection(SolutionConfigurationPlatforms) = preSolution
		Debug|Any CPU = Debug|Any CPU
		Release|Any CPU = Release|Any CPU
	EndGlobalSection
	GlobalSection(ProjectConfigurationPlatforms) = postSolution
		{D0D8ADD5-66EA-4975-9E9C-223C795AFCCB}.Debug|Any CPU.ActiveCfg = Debug|Any CPU
		{D0D8ADD5-66EA-4975-9E9C-223C795AFCCB}.Debug|Any CPU.Build.0 = Debug|Any CPU
		{D0D8ADD5-66EA-4975-9E9C-223C795AFCCB}.Release|Any CPU.ActiveCfg = Release|Any CPU
		{D0D8ADD5-66EA-4975-9E9C-223C795AFCCB}.Release|Any CPU.Build.0 = Release|Any CPU
		{98C5333B-19DB-4EE9-8DD1-90BBC0FC237D}.Debug|Any CPU.ActiveCfg = Debug|Any CPU
		{98C5333B-19DB-4EE9-8DD1-90BBC0FC237D}.Debug|Any CPU.Build.0 = Debug|Any CPU
		{98C5333B-19DB-4EE9-8DD1-90BBC0FC237D}.Release|Any CPU.ActiveCfg = Release|Any CPU
		{98C5333B-19DB-4EE9-8DD1-90BBC0FC237D}.Release|Any CPU.Build.0 = Release|Any CPU
		{3417F3DA-DE83-4EDC-BB12-70E47C8FBDF5}.Debug|Any CPU.ActiveCfg = Debug|Any CPU
		{3417F3DA-DE83-4EDC-BB12-70E47C8FBDF5}.Debug|Any CPU.Build.0 = Debug|Any CPU
		{3417F3DA-DE83-4EDC-BB12-70E47C8FBDF5}.Release|Any CPU.ActiveCfg = Release|Any CPU
		{3417F3DA-DE83-4EDC-BB12-70E47C8FBDF5}.Release|Any CPU.Build.0 = Release|Any CPU
		{0AF48EF5-C2D4-4C77-AA2A-60A2BAD3081B}.Debug|Any CPU.ActiveCfg = Debug|Any CPU
		{0AF48EF5-C2D4-4C77-AA2A-60A2BAD3081B}.Debug|Any CPU.Build.0 = Debug|Any CPU
		{0AF48EF5-C2D4-4C77-AA2A-60A2BAD3081B}.Release|Any CPU.ActiveCfg = Release|Any CPU
		{0AF48EF5-C2D4-4C77-AA2A-60A2BAD3081B}.Release|Any CPU.Build.0 = Release|Any CPU
		{0424CB26-1DEE-4FD4-950B-C877EA872E59}.Debug|Any CPU.ActiveCfg = Debug|Any CPU
		{0424CB26-1DEE-4FD4-950B-C877EA872E59}.Debug|Any CPU.Build.0 = Debug|Any CPU
		{0424CB26-1DEE-4FD4-950B-C877EA872E59}.Release|Any CPU.ActiveCfg = Release|Any CPU
		{0424CB26-1DEE-4FD4-950B-C877EA872E59}.Release|Any CPU.Build.0 = Release|Any CPU
	EndGlobalSection
	GlobalSection(SolutionProperties) = preSolution
		HideSolutionNode = FALSE
	EndGlobalSection
	GlobalSection(ExtensibilityGlobals) = postSolution
		SolutionGuid = {911357C3-EAA5-4097-A77D-E7D70DBFBD61}
	EndGlobalSection
EndGlobal
