
Microsoft Visual Studio Solution File, Format Version 12.00
# Visual Studio 15
VisualStudioVersion = 15.0.27004.2006
MinimumVisualStudioVersion = 10.0.40219.1
Project("{FAE04EC0-301F-11D3-BF4B-00C04F79EFBC}") = "p01OddLines", "p01OddLines\p01OddLines.csproj", "{1DC24B6E-3023-4537-857F-CD9B3824F33B}"
EndProject
Project("{FAE04EC0-301F-11D3-BF4B-00C04F79EFBC}") = "p02LineNumber", "p02LineNumber\p02LineNumber.csproj", "{DB087BE4-D0B7-45D6-A9C5-24DBB90F2D4A}"
EndProject
Project("{FAE04EC0-301F-11D3-BF4B-00C04F79EFBC}") = "p03WordCount", "p03WordCount\p03WordCount.csproj", "{29F0CE1E-DFEE-4B62-BE82-AB495EA25461}"
EndProject
Project("{FAE04EC0-301F-11D3-BF4B-00C04F79EFBC}") = "p04MergeFiles", "p04MergeFiles\p04MergeFiles.csproj", "{96DC3774-5BE2-48A3-9F95-D32FD04A4711}"
EndProject
Project("{FAE04EC0-301F-11D3-BF4B-00C04F79EFBC}") = "p05FolderSize", "p05FolderSize\p05FolderSize.csproj", "{BECFEA0C-5116-46AF-822A-5A7F751522A5}"
EndProject
Global
	GlobalSection(SolutionConfigurationPlatforms) = preSolution
		Debug|Any CPU = Debug|Any CPU
		Release|Any CPU = Release|Any CPU
	EndGlobalSection
	GlobalSection(ProjectConfigurationPlatforms) = postSolution
		{1DC24B6E-3023-4537-857F-CD9B3824F33B}.Debug|Any CPU.ActiveCfg = Debug|Any CPU
		{1DC24B6E-3023-4537-857F-CD9B3824F33B}.Debug|Any CPU.Build.0 = Debug|Any CPU
		{1DC24B6E-3023-4537-857F-CD9B3824F33B}.Release|Any CPU.ActiveCfg = Release|Any CPU
		{1DC24B6E-3023-4537-857F-CD9B3824F33B}.Release|Any CPU.Build.0 = Release|Any CPU
		{DB087BE4-D0B7-45D6-A9C5-24DBB90F2D4A}.Debug|Any CPU.ActiveCfg = Debug|Any CPU
		{DB087BE4-D0B7-45D6-A9C5-24DBB90F2D4A}.Debug|Any CPU.Build.0 = Debug|Any CPU
		{DB087BE4-D0B7-45D6-A9C5-24DBB90F2D4A}.Release|Any CPU.ActiveCfg = Release|Any CPU
		{DB087BE4-D0B7-45D6-A9C5-24DBB90F2D4A}.Release|Any CPU.Build.0 = Release|Any CPU
		{29F0CE1E-DFEE-4B62-BE82-AB495EA25461}.Debug|Any CPU.ActiveCfg = Debug|Any CPU
		{29F0CE1E-DFEE-4B62-BE82-AB495EA25461}.Debug|Any CPU.Build.0 = Debug|Any CPU
		{29F0CE1E-DFEE-4B62-BE82-AB495EA25461}.Release|Any CPU.ActiveCfg = Release|Any CPU
		{29F0CE1E-DFEE-4B62-BE82-AB495EA25461}.Release|Any CPU.Build.0 = Release|Any CPU
		{96DC3774-5BE2-48A3-9F95-D32FD04A4711}.Debug|Any CPU.ActiveCfg = Debug|Any CPU
		{96DC3774-5BE2-48A3-9F95-D32FD04A4711}.Debug|Any CPU.Build.0 = Debug|Any CPU
		{96DC3774-5BE2-48A3-9F95-D32FD04A4711}.Release|Any CPU.ActiveCfg = Release|Any CPU
		{96DC3774-5BE2-48A3-9F95-D32FD04A4711}.Release|Any CPU.Build.0 = Release|Any CPU
		{BECFEA0C-5116-46AF-822A-5A7F751522A5}.Debug|Any CPU.ActiveCfg = Debug|Any CPU
		{BECFEA0C-5116-46AF-822A-5A7F751522A5}.Debug|Any CPU.Build.0 = Debug|Any CPU
		{BECFEA0C-5116-46AF-822A-5A7F751522A5}.Release|Any CPU.ActiveCfg = Release|Any CPU
		{BECFEA0C-5116-46AF-822A-5A7F751522A5}.Release|Any CPU.Build.0 = Release|Any CPU
	EndGlobalSection
	GlobalSection(SolutionProperties) = preSolution
		HideSolutionNode = FALSE
	EndGlobalSection
	GlobalSection(ExtensibilityGlobals) = postSolution
		SolutionGuid = {8D7AD9ED-3BB3-409B-BC53-0C8EA8C10FC6}
	EndGlobalSection
EndGlobal
