
Microsoft Visual Studio Solution File, Format Version 12.00
# Visual Studio 15
VisualStudioVersion = 15.0.27004.2006
MinimumVisualStudioVersion = 10.0.40219.1
Project("{FAE04EC0-301F-11D3-BF4B-00C04F79EFBC}") = "RageExpenses", "RageExpenses\RageExpenses.csproj", "{C964AF8F-95D5-44BF-A89D-2ACD280964E4}"
EndProject
Project("{FAE04EC0-301F-11D3-BF4B-00C04F79EFBC}") = "MemoryView", "MemoryView\MemoryView.csproj", "{E56237DF-28D5-4306-A6C5-E50D442F84D4}"
EndProject
Project("{FAE04EC0-301F-11D3-BF4B-00C04F79EFBC}") = "TseamAccount", "TseamAccount\TseamAccount.csproj", "{7646FDD9-9341-42F9-B8FD-E951776D9872}"
EndProject
Project("{FAE04EC0-301F-11D3-BF4B-00C04F79EFBC}") = "MOBAChallanger", "MOBAChallanger\MOBAChallanger.csproj", "{FC790B7E-3060-479B-A843-CC426E08008C}"
EndProject
Global
	GlobalSection(SolutionConfigurationPlatforms) = preSolution
		Debug|Any CPU = Debug|Any CPU
		Release|Any CPU = Release|Any CPU
	EndGlobalSection
	GlobalSection(ProjectConfigurationPlatforms) = postSolution
		{C964AF8F-95D5-44BF-A89D-2ACD280964E4}.Debug|Any CPU.ActiveCfg = Debug|Any CPU
		{C964AF8F-95D5-44BF-A89D-2ACD280964E4}.Debug|Any CPU.Build.0 = Debug|Any CPU
		{C964AF8F-95D5-44BF-A89D-2ACD280964E4}.Release|Any CPU.ActiveCfg = Release|Any CPU
		{C964AF8F-95D5-44BF-A89D-2ACD280964E4}.Release|Any CPU.Build.0 = Release|Any CPU
		{E56237DF-28D5-4306-A6C5-E50D442F84D4}.Debug|Any CPU.ActiveCfg = Debug|Any CPU
		{E56237DF-28D5-4306-A6C5-E50D442F84D4}.Debug|Any CPU.Build.0 = Debug|Any CPU
		{E56237DF-28D5-4306-A6C5-E50D442F84D4}.Release|Any CPU.ActiveCfg = Release|Any CPU
		{E56237DF-28D5-4306-A6C5-E50D442F84D4}.Release|Any CPU.Build.0 = Release|Any CPU
		{7646FDD9-9341-42F9-B8FD-E951776D9872}.Debug|Any CPU.ActiveCfg = Debug|Any CPU
		{7646FDD9-9341-42F9-B8FD-E951776D9872}.Debug|Any CPU.Build.0 = Debug|Any CPU
		{7646FDD9-9341-42F9-B8FD-E951776D9872}.Release|Any CPU.ActiveCfg = Release|Any CPU
		{7646FDD9-9341-42F9-B8FD-E951776D9872}.Release|Any CPU.Build.0 = Release|Any CPU
		{FC790B7E-3060-479B-A843-CC426E08008C}.Debug|Any CPU.ActiveCfg = Debug|Any CPU
		{FC790B7E-3060-479B-A843-CC426E08008C}.Debug|Any CPU.Build.0 = Debug|Any CPU
		{FC790B7E-3060-479B-A843-CC426E08008C}.Release|Any CPU.ActiveCfg = Release|Any CPU
		{FC790B7E-3060-479B-A843-CC426E08008C}.Release|Any CPU.Build.0 = Release|Any CPU
	EndGlobalSection
	GlobalSection(SolutionProperties) = preSolution
		HideSolutionNode = FALSE
	EndGlobalSection
	GlobalSection(ExtensibilityGlobals) = postSolution
		SolutionGuid = {9DC84218-3BDB-46F6-B379-9A00F7C85FD8}
	EndGlobalSection
EndGlobal
