
Microsoft Visual Studio Solution File, Format Version 12.00
# Visual Studio 15
VisualStudioVersion = 15.0.27004.2006
MinimumVisualStudioVersion = 10.0.40219.1
Project("{FAE04EC0-301F-11D3-BF4B-00C04F79EFBC}") = "p03SumSquenece", "ConsoleApp1\p03SumSquenece.csproj", "{DE744F7C-BD16-4C85-A2F8-91CA9630B984}"
EndProject
Project("{FAE04EC0-301F-11D3-BF4B-00C04F79EFBC}") = "p04TripleSun", "p04TripleSun\p04TripleSun.csproj", "{B9AF5B27-50D6-4037-841D-C9CC91BE778C}"
EndProject
Project("{FAE04EC0-301F-11D3-BF4B-00C04F79EFBC}") = "p07SumArrays", "p07SumArrays\p07SumArrays.csproj", "{09BFF430-346F-4D0A-92C3-04DD99BC4D08}"
EndProject
Project("{FAE04EC0-301F-11D3-BF4B-00C04F79EFBC}") = "p08CondensedArray", "p08CondensedArray\p08CondensedArray.csproj", "{40EEE100-F51C-4623-975A-ADC7DD03D3F3}"
EndProject
Global
	GlobalSection(SolutionConfigurationPlatforms) = preSolution
		Debug|Any CPU = Debug|Any CPU
		Release|Any CPU = Release|Any CPU
	EndGlobalSection
	GlobalSection(ProjectConfigurationPlatforms) = postSolution
		{DE744F7C-BD16-4C85-A2F8-91CA9630B984}.Debug|Any CPU.ActiveCfg = Debug|Any CPU
		{DE744F7C-BD16-4C85-A2F8-91CA9630B984}.Debug|Any CPU.Build.0 = Debug|Any CPU
		{DE744F7C-BD16-4C85-A2F8-91CA9630B984}.Release|Any CPU.ActiveCfg = Release|Any CPU
		{DE744F7C-BD16-4C85-A2F8-91CA9630B984}.Release|Any CPU.Build.0 = Release|Any CPU
		{B9AF5B27-50D6-4037-841D-C9CC91BE778C}.Debug|Any CPU.ActiveCfg = Debug|Any CPU
		{B9AF5B27-50D6-4037-841D-C9CC91BE778C}.Debug|Any CPU.Build.0 = Debug|Any CPU
		{B9AF5B27-50D6-4037-841D-C9CC91BE778C}.Release|Any CPU.ActiveCfg = Release|Any CPU
		{B9AF5B27-50D6-4037-841D-C9CC91BE778C}.Release|Any CPU.Build.0 = Release|Any CPU
		{09BFF430-346F-4D0A-92C3-04DD99BC4D08}.Debug|Any CPU.ActiveCfg = Debug|Any CPU
		{09BFF430-346F-4D0A-92C3-04DD99BC4D08}.Debug|Any CPU.Build.0 = Debug|Any CPU
		{09BFF430-346F-4D0A-92C3-04DD99BC4D08}.Release|Any CPU.ActiveCfg = Release|Any CPU
		{09BFF430-346F-4D0A-92C3-04DD99BC4D08}.Release|Any CPU.Build.0 = Release|Any CPU
		{40EEE100-F51C-4623-975A-ADC7DD03D3F3}.Debug|Any CPU.ActiveCfg = Debug|Any CPU
		{40EEE100-F51C-4623-975A-ADC7DD03D3F3}.Debug|Any CPU.Build.0 = Debug|Any CPU
		{40EEE100-F51C-4623-975A-ADC7DD03D3F3}.Release|Any CPU.ActiveCfg = Release|Any CPU
		{40EEE100-F51C-4623-975A-ADC7DD03D3F3}.Release|Any CPU.Build.0 = Release|Any CPU
	EndGlobalSection
	GlobalSection(SolutionProperties) = preSolution
		HideSolutionNode = FALSE
	EndGlobalSection
	GlobalSection(ExtensibilityGlobals) = postSolution
		SolutionGuid = {99451C55-66DF-4B81-8369-8E97D25F5E06}
	EndGlobalSection
EndGlobal
