
Microsoft Visual Studio Solution File, Format Version 12.00
# Visual Studio 15
VisualStudioVersion = 15.0.27004.2006
MinimumVisualStudioVersion = 10.0.40219.1
Project("{FAE04EC0-301F-11D3-BF4B-00C04F79EFBC}") = "p05SpecialNumber", "p05SpecialNumber\p05SpecialNumber.csproj", "{C76A6FB9-AE71-48E8-BB5C-FD8C34D9317C}"
EndProject
Project("{FAE04EC0-301F-11D3-BF4B-00C04F79EFBC}") = "p06LatinLetter", "p06LatinLetter\p06LatinLetter.csproj", "{B8A2EA99-4F20-4114-9011-F7CAB53596EB}"
EndProject
Global
	GlobalSection(SolutionConfigurationPlatforms) = preSolution
		Debug|Any CPU = Debug|Any CPU
		Release|Any CPU = Release|Any CPU
	EndGlobalSection
	GlobalSection(ProjectConfigurationPlatforms) = postSolution
		{C76A6FB9-AE71-48E8-BB5C-FD8C34D9317C}.Debug|Any CPU.ActiveCfg = Debug|Any CPU
		{C76A6FB9-AE71-48E8-BB5C-FD8C34D9317C}.Debug|Any CPU.Build.0 = Debug|Any CPU
		{C76A6FB9-AE71-48E8-BB5C-FD8C34D9317C}.Release|Any CPU.ActiveCfg = Release|Any CPU
		{C76A6FB9-AE71-48E8-BB5C-FD8C34D9317C}.Release|Any CPU.Build.0 = Release|Any CPU
		{B8A2EA99-4F20-4114-9011-F7CAB53596EB}.Debug|Any CPU.ActiveCfg = Debug|Any CPU
		{B8A2EA99-4F20-4114-9011-F7CAB53596EB}.Debug|Any CPU.Build.0 = Debug|Any CPU
		{B8A2EA99-4F20-4114-9011-F7CAB53596EB}.Release|Any CPU.ActiveCfg = Release|Any CPU
		{B8A2EA99-4F20-4114-9011-F7CAB53596EB}.Release|Any CPU.Build.0 = Release|Any CPU
	EndGlobalSection
	GlobalSection(SolutionProperties) = preSolution
		HideSolutionNode = FALSE
	EndGlobalSection
	GlobalSection(ExtensibilityGlobals) = postSolution
		SolutionGuid = {62E2A6FF-C36B-41DF-ACE4-6627AEE6B2C8}
	EndGlobalSection
EndGlobal
